# THIS IS AN AUTOGENERATED FILE. DO NOT EDIT THIS FILE DIRECTLY.
# yarn lockfile v1


validator-demo@0.0.1:
  version "0.0.1"
  resolved "https://registry.yarnpkg.com/validator-demo/-/validator-demo-0.0.1.tgz#a3dab3da3fe1c9a3ae8b575f3ce3b880c5fe8339"
  integrity sha512-MkpxCotp0hGCB9nGhdVEWlikvRRpxv7KeE1tvXVqDAaokde53oYSZL5TfUZl1vulwDMsk94aUmLyIU7jYtTcgw==
